<?xml version="1.0" encoding="utf-8"?>
<Project ToolsVersion="4.0" xmlns="http://schemas.microsoft.com/developer/msbuild/2003">
  <ItemGroup>
    <Filter Include="소스 파일">
      <UniqueIdentifier>{4FC737F1-C7A5-4376-A066-2A32D752A2FF}</UniqueIdentifier>
      <Extensions>cpp;c;cc;cxx;c++;cppm;ixx;def;odl;idl;hpj;bat;asm;asmx</Extensions>
    </Filter>
    <Filter Include="헤더 파일">
      <UniqueIdentifier>{93995380-89BD-4b04-88EB-625FBE52EBFB}</UniqueIdentifier>
      <Extensions>h;hh;hpp;hxx;h++;hm;inl;inc;ipp;xsd</Extensions>
    </Filter>
    <Filter Include="리소스 파일">
      <UniqueIdentifier>{67DA6AB6-F800-4c08-8B7A-83BB121AAD01}</UniqueIdentifier>
      <Extensions>rc;ico;cur;bmp;dlg;rc2;rct;bin;rgs;gif;jpg;jpeg;jpe;resx;tiff;tif;png;wav;mfcribbon-ms</Extensions>
    </Filter>
    <Filter Include="소스 파일\00.Manager">
      <UniqueIdentifier>{fc76e4cb-8fc5-4feb-ba1a-5db8217efe63}</UniqueIdentifier>
    </Filter>
    <Filter Include="소스 파일\01.MainGame">
      <UniqueIdentifier>{7843ba9d-853a-4251-9f9e-17194bb3f2e3}</UniqueIdentifier>
    </Filter>
    <Filter Include="소스 파일\00.Manager\1. ObjManager">
      <UniqueIdentifier>{0f08520a-f9bc-48df-9355-790b60088604}</UniqueIdentifier>
    </Filter>
    <Filter Include="소스 파일\00.Manager\0. AbstarctFactory">
      <UniqueIdentifier>{44400326-c663-4b03-b00d-a8b615a44e9a}</UniqueIdentifier>
    </Filter>
    <Filter Include="소스 파일\00.Manager\2. BmpManager">
      <UniqueIdentifier>{e172f152-2596-438a-ae88-9176aba44a9e}</UniqueIdentifier>
    </Filter>
    <Filter Include="소스 파일\00.Manager\3. SceneManager">
      <UniqueIdentifier>{9cce5618-5f87-4eb4-ad4d-8b0b411b2da4}</UniqueIdentifier>
    </Filter>
    <Filter Include="소스 파일\00.Manager\3. SceneManager\Scene">
      <UniqueIdentifier>{7ba8900c-6ff2-4e53-bf63-a4c6c9471868}</UniqueIdentifier>
    </Filter>
    <Filter Include="소스 파일\00.Manager\3. SceneManager\Scene\1.SC_Menu">
      <UniqueIdentifier>{e03addc6-dbc4-4dfe-ad14-19e5047ee5af}</UniqueIdentifier>
    </Filter>
    <Filter Include="소스 파일\00.Manager\3. SceneManager\Scene\2.SC_Stage">
      <UniqueIdentifier>{1a94d22d-6566-4e98-b617-d6661d094fc0}</UniqueIdentifier>
    </Filter>
    <Filter Include="소스 파일\00.Manager\4. TimeManager">
      <UniqueIdentifier>{0b852b1f-d117-43b2-81e1-007da02a3a53}</UniqueIdentifier>
    </Filter>
    <Filter Include="소스 파일\00.Manager\5. CollisionManager">
      <UniqueIdentifier>{9b1f0990-ca37-4514-a622-d7d826550101}</UniqueIdentifier>
    </Filter>
    <Filter Include="소스 파일\00.Manager\06.KeyManager">
      <UniqueIdentifier>{1081e2d8-4a56-4740-8b28-ab4c1ce5e6c2}</UniqueIdentifier>
    </Filter>
    <Filter Include="소스 파일\00.Manager\07.CameraManager">
      <UniqueIdentifier>{aa50c1ca-12b6-480c-99b2-818492c9202d}</UniqueIdentifier>
    </Filter>
    <Filter Include="소스 파일\03. Effect">
      <UniqueIdentifier>{262519d1-6f48-45ce-b8b5-bb598d68323e}</UniqueIdentifier>
    </Filter>
    <Filter Include="소스 파일\03. Effect\ShtotgunBulletEffect">
      <UniqueIdentifier>{0251cd05-8911-49bc-a5db-e616043e6ff4}</UniqueIdentifier>
    </Filter>
    <Filter Include="소스 파일\00.Manager\08.UIManager">
      <UniqueIdentifier>{aba5a7bc-c810-4057-a61e-15b8b54ef703}</UniqueIdentifier>
    </Filter>
    <Filter Include="소스 파일\04.UI">
      <UniqueIdentifier>{99f1cc89-61de-4600-b3c8-531d41233920}</UniqueIdentifier>
    </Filter>
    <Filter Include="소스 파일\04.UI\MainUI">
      <UniqueIdentifier>{5baf6ce1-92d5-4eba-b0b6-4a13c4794bbe}</UniqueIdentifier>
    </Filter>
    <Filter Include="소스 파일\02.Object">
      <UniqueIdentifier>{16955ce3-5d3c-43fa-866c-902641671e57}</UniqueIdentifier>
    </Filter>
    <Filter Include="소스 파일\02.Object\Player">
      <UniqueIdentifier>{fef4583d-7de7-4654-95ec-22029ff42da5}</UniqueIdentifier>
    </Filter>
    <Filter Include="소스 파일\02.Object\Ground">
      <UniqueIdentifier>{4a64429f-32cb-4398-a8a1-96761c141824}</UniqueIdentifier>
    </Filter>
    <Filter Include="소스 파일\02.Object\Gun">
      <UniqueIdentifier>{fffa8258-85f5-431b-a5ae-733596806307}</UniqueIdentifier>
    </Filter>
    <Filter Include="소스 파일\02.Object\Gun\3. Shotgun">
      <UniqueIdentifier>{74e2c916-e318-4c56-8d7b-ba60eca6e879}</UniqueIdentifier>
    </Filter>
    <Filter Include="소스 파일\02.Object\Gun\2. Uzi">
      <UniqueIdentifier>{48a474b9-9cd4-4e55-a27b-1aa34de9d4f4}</UniqueIdentifier>
    </Filter>
    <Filter Include="소스 파일\02.Object\Gun\1. Pistol">
      <UniqueIdentifier>{26cdac17-0ecd-4246-8f93-d2cd6ff09a9a}</UniqueIdentifier>
    </Filter>
    <Filter Include="소스 파일\02.Object\Gun\4. Ak-47">
      <UniqueIdentifier>{e8109aec-c08b-44fd-955c-81585dc6b78e}</UniqueIdentifier>
    </Filter>
    <Filter Include="소스 파일\02.Object\Bullet">
      <UniqueIdentifier>{036ef0e9-ef60-4e22-96dd-eb351490fc77}</UniqueIdentifier>
    </Filter>
    <Filter Include="소스 파일\02.Object\Bullet\AK_Bullet">
      <UniqueIdentifier>{22183b81-e249-4dac-aab9-98db85a097c4}</UniqueIdentifier>
    </Filter>
    <Filter Include="소스 파일\02.Object\Bullet\Shot_Bullet">
      <UniqueIdentifier>{63b06e0a-6980-48a2-aef2-e4198d65795f}</UniqueIdentifier>
    </Filter>
    <Filter Include="소스 파일\02.Object\Bullet\Throw_Kinfe">
      <UniqueIdentifier>{10ade366-e0e0-42f2-b5b3-6b1b49382bba}</UniqueIdentifier>
    </Filter>
    <Filter Include="소스 파일\02.Object\Bullet\Throw_Grenade">
      <UniqueIdentifier>{1ed548b6-6e12-49e4-9ce5-68d675a8a4c7}</UniqueIdentifier>
    </Filter>
    <Filter Include="소스 파일\02.Object\Item">
      <UniqueIdentifier>{962115f8-d4a0-4a72-aa69-3698a123726a}</UniqueIdentifier>
    </Filter>
    <Filter Include="소스 파일\02.Object\Item\0.Potion">
      <UniqueIdentifier>{426c20d6-9789-4800-9394-6dff62a94c66}</UniqueIdentifier>
    </Filter>
    <Filter Include="소스 파일\02.Object\Item\1.Weapon_Item">
      <UniqueIdentifier>{0afdd934-4825-4a21-aa2d-c97d6ce33617}</UniqueIdentifier>
    </Filter>
    <Filter Include="소스 파일\02.Object\Box">
      <UniqueIdentifier>{604a1707-6eb8-46fc-8a60-dc74508f4122}</UniqueIdentifier>
    </Filter>
    <Filter Include="소스 파일\02.Object\SubWeapon">
      <UniqueIdentifier>{62ba850a-901a-4cf6-867d-dff9840c6c68}</UniqueIdentifier>
    </Filter>
    <Filter Include="소스 파일\02.Object\SubWeapon\0.Knife">
      <UniqueIdentifier>{f9e8df77-6127-45db-9284-d96ee88b9735}</UniqueIdentifier>
    </Filter>
    <Filter Include="소스 파일\02.Object\SubWeapon\1.Grenade">
      <UniqueIdentifier>{fb69b70f-b042-47be-9bb7-a24bd0bf13bf}</UniqueIdentifier>
    </Filter>
    <Filter Include="소스 파일\02.Object\Explosion">
      <UniqueIdentifier>{750785d0-45db-4696-857e-e2aab5bbbdef}</UniqueIdentifier>
    </Filter>
    <Filter Include="소스 파일\02.Object\EnemyWeapon">
      <UniqueIdentifier>{e03b7623-33a5-43cd-99f7-caac92cd4bac}</UniqueIdentifier>
    </Filter>
    <Filter Include="소스 파일\02.Object\Melee">
      <UniqueIdentifier>{ae1ac111-5396-49ff-a3ad-4d353409553a}</UniqueIdentifier>
    </Filter>
    <Filter Include="소스 파일\02.Object\Melee\playerMelee">
      <UniqueIdentifier>{1375cbb0-76a0-40f0-b31a-6390f14be2f2}</UniqueIdentifier>
    </Filter>
    <Filter Include="소스 파일\02.Object\Melee\EnemyMelee">
      <UniqueIdentifier>{f5cef1db-e1fd-418c-9a69-ea081b2b2e7b}</UniqueIdentifier>
    </Filter>
    <Filter Include="소스 파일\04.UI\Hp_Bar">
      <UniqueIdentifier>{aff6a75d-f890-4f62-880d-6942d365fe25}</UniqueIdentifier>
    </Filter>
    <Filter Include="소스 파일\04.UI\MainUI\PlayerHp">
      <UniqueIdentifier>{38f337cb-67a9-40fb-8ef2-2f97654cf96c}</UniqueIdentifier>
    </Filter>
    <Filter Include="소스 파일\04.UI\MainUI\SubWeaponCoolDown">
      <UniqueIdentifier>{572e70af-6ed6-4a71-a032-2c11ac858a2e}</UniqueIdentifier>
    </Filter>
    <Filter Include="소스 파일\04.UI\MainUI\MainSlotUI">
      <UniqueIdentifier>{f7eff091-6b27-4ee0-8f4c-e688c3e64e3a}</UniqueIdentifier>
    </Filter>
    <Filter Include="소스 파일\04.UI\MainUI\EnemyKill">
      <UniqueIdentifier>{7c7e8b85-ff5b-471c-8c0f-83ee08282663}</UniqueIdentifier>
    </Filter>
    <Filter Include="소스 파일\04.UI\Enemy_HpBar">
      <UniqueIdentifier>{c2e31d60-dcc4-46d9-8e68-877d2edf2d23}</UniqueIdentifier>
    </Filter>
    <Filter Include="소스 파일\02.Object\Item\2.SubWeapon_Item">
      <UniqueIdentifier>{47918c1d-e39d-411c-9145-4bb8ad692c67}</UniqueIdentifier>
    </Filter>
    <Filter Include="소스 파일\04.UI\MainUI\SubSlotUI">
      <UniqueIdentifier>{d74aa807-c878-4593-9c94-332d54c4191f}</UniqueIdentifier>
    </Filter>
    <Filter Include="소스 파일\04.UI\ItemQuantity">
      <UniqueIdentifier>{d64d4542-8a2f-40bf-92cb-035d41d5fb53}</UniqueIdentifier>
    </Filter>
    <Filter Include="소스 파일\05.BackGround">
      <UniqueIdentifier>{2b96628f-d33b-44b1-a6b2-df5daf9ce30e}</UniqueIdentifier>
    </Filter>
    <Filter Include="소스 파일\00.Manager\3. SceneManager\Scene\3.Stage2">
      <UniqueIdentifier>{8f4cfdc4-ad31-468a-948c-db8e9968ec4e}</UniqueIdentifier>
    </Filter>
    <Filter Include="소스 파일\02.Object\EnemyWeapon\EnemyPistol">
      <UniqueIdentifier>{a17958a2-fcba-414f-9d17-7d535acf7655}</UniqueIdentifier>
    </Filter>
    <Filter Include="소스 파일\02.Object\EnemyWeapon\EnemyUZI">
      <UniqueIdentifier>{7b0aa252-66fd-492c-a8d4-aaf9b2e8fd1c}</UniqueIdentifier>
    </Filter>
    <Filter Include="소스 파일\02.Object\EnemyWeapon\EnemyAK47">
      <UniqueIdentifier>{2f0fc2fd-d4bb-474e-8379-e807c4857a25}</UniqueIdentifier>
    </Filter>
    <Filter Include="소스 파일\02.Object\EnemyWeapon\EnemyShotgun">
      <UniqueIdentifier>{052fa0c2-a180-41e2-b6a9-b42d8a59fa91}</UniqueIdentifier>
    </Filter>
    <Filter Include="소스 파일\02.Object\Enemy">
      <UniqueIdentifier>{5e1448a0-57c7-45f6-967c-7d46874ea19b}</UniqueIdentifier>
    </Filter>
    <Filter Include="소스 파일\02.Object\Enemy\Shooting_Enemy">
      <UniqueIdentifier>{1b3f03e5-3a6a-431d-a9cd-c25dbd487ae5}</UniqueIdentifier>
    </Filter>
    <Filter Include="소스 파일\02.Object\Enemy\Shooting_Enemy\01.Pistol_Enemy">
      <UniqueIdentifier>{c78da605-55f3-4880-b382-59f51f0eefb2}</UniqueIdentifier>
    </Filter>
    <Filter Include="소스 파일\02.Object\Enemy\Shooting_Enemy\02.Uzi_Enemy">
      <UniqueIdentifier>{f0ef13df-a30e-4396-bd9c-15e76b3e7d3d}</UniqueIdentifier>
    </Filter>
    <Filter Include="소스 파일\02.Object\Enemy\Shooting_Enemy\03.Shot_Enemy">
      <UniqueIdentifier>{8b5a7c76-c762-48a3-b74b-c5d88de62628}</UniqueIdentifier>
    </Filter>
    <Filter Include="소스 파일\02.Object\Enemy\Shooting_Enemy\04.Ak_Enemy">
      <UniqueIdentifier>{1fad4cd9-f381-48e3-89a9-891deea740ad}</UniqueIdentifier>
    </Filter>
    <Filter Include="소스 파일\02.Object\Enemy\Melee_Enemy">
      <UniqueIdentifier>{0a7b04a0-9c33-4612-9be7-b55eb83b1901}</UniqueIdentifier>
    </Filter>
    <Filter Include="소스 파일\02.Object\Enemy\Enemy_SiegeTruck">
      <UniqueIdentifier>{c0ca511b-4fd4-4c02-a524-302fa834544d}</UniqueIdentifier>
    </Filter>
    <Filter Include="소스 파일\02.Object\Boss">
      <UniqueIdentifier>{592354da-b280-4cb4-98a3-05871da159fd}</UniqueIdentifier>
    </Filter>
    <Filter Include="소스 파일\02.Object\Boss\BossAngelWeapon">
      <UniqueIdentifier>{7d9f10bc-0999-44f7-a969-cb749c68654b}</UniqueIdentifier>
    </Filter>
    <Filter Include="소스 파일\02.Object\Boss\BoxBreaker">
      <UniqueIdentifier>{76b153e0-f9ea-428d-9c34-583c1840d0e7}</UniqueIdentifier>
    </Filter>
    <Filter Include="헤더 파일\Fmode">
      <UniqueIdentifier>{0a767294-16f7-45c6-b4ff-115934de1670}</UniqueIdentifier>
    </Filter>
    <Filter Include="소스 파일\00.Manager\09.SoundManager">
      <UniqueIdentifier>{73d3f75f-633f-424c-8aa4-1ad7404b7a77}</UniqueIdentifier>
    </Filter>
    <Filter Include="소스 파일\04.UI\Enemy_HpBar\BossHP">
      <UniqueIdentifier>{027524f1-c99e-43ae-9b14-c6590c14c0e0}</UniqueIdentifier>
    </Filter>
    <Filter Include="소스 파일\00.Manager\10.EffectManager">
      <UniqueIdentifier>{5bb58bd1-86da-4715-ac2a-8d4b09fc2db1}</UniqueIdentifier>
    </Filter>
    <Filter Include="소스 파일\06.Effect">
      <UniqueIdentifier>{b2d5006e-d2df-4ed1-8685-709e61cef43b}</UniqueIdentifier>
    </Filter>
    <Filter Include="소스 파일\06.Effect\Muzzle_Flash">
      <UniqueIdentifier>{1fcb931c-68a1-4237-b490-c309cdcdb3d4}</UniqueIdentifier>
    </Filter>
    <Filter Include="소스 파일\06.Effect\DashEffect">
      <UniqueIdentifier>{21169a03-3593-4474-bc98-cabcbecd6612}</UniqueIdentifier>
    </Filter>
    <Filter Include="소스 파일\06.Effect\LandEffect">
      <UniqueIdentifier>{1598e0df-1b7b-45d7-b8a7-ba15541b6626}</UniqueIdentifier>
    </Filter>
    <Filter Include="소스 파일\06.Effect\KnockBack_Dust">
      <UniqueIdentifier>{8ad622e9-0b7a-40ec-b789-10dee7c4b8d0}</UniqueIdentifier>
    </Filter>
    <Filter Include="소스 파일\06.Effect\PlayerBlood">
      <UniqueIdentifier>{e0475532-27af-420e-a760-bc7cb5561b14}</UniqueIdentifier>
    </Filter>
    <Filter Include="소스 파일\04.UI\StageScore">
      <UniqueIdentifier>{e39304d0-0059-44bb-8bc0-7b0eb14586a9}</UniqueIdentifier>
    </Filter>
    <Filter Include="소스 파일\06.Effect\Muzzle_Flash\Muzzle_Uzi">
      <UniqueIdentifier>{cc7c6be7-3b3f-4ba0-b4cb-70f9a42e123e}</UniqueIdentifier>
    </Filter>
    <Filter Include="소스 파일\04.UI\Enemy_HpBar\SiegeTruckHpBar">
      <UniqueIdentifier>{fb7333b8-976a-47cc-bf8a-880cb9fcb024}</UniqueIdentifier>
    </Filter>
    <Filter Include="소스 파일\07.Animation">
      <UniqueIdentifier>{b38225f1-c285-46cd-a9fa-0fb7679ee091}</UniqueIdentifier>
    </Filter>
    <Filter Include="소스 파일\07.Animation\IntroBAnim">
      <UniqueIdentifier>{db864d08-2356-4840-b2ee-3089666ccd8d}</UniqueIdentifier>
    </Filter>
    <Filter Include="소스 파일\00.Manager\11.FlagManager">
      <UniqueIdentifier>{9f75d82c-2195-4c6e-a304-e019e93da993}</UniqueIdentifier>
    </Filter>
    <Filter Include="소스 파일\02.Object\Item\Collection">
      <UniqueIdentifier>{976e9154-258b-4dcb-acf3-463c843c0985}</UniqueIdentifier>
    </Filter>
    <Filter Include="소스 파일\06.Effect\Muzzle_Flash\Muzzle_Shotgun">
      <UniqueIdentifier>{7814d979-a4d2-40ae-829d-f88fa9acea1f}</UniqueIdentifier>
    </Filter>
    <Filter Include="소스 파일\06.Effect\Muzzle_Flash\Muzzle_Machine">
      <UniqueIdentifier>{0998e605-4c18-4ef8-bffd-c6569d95e896}</UniqueIdentifier>
    </Filter>
    <Filter Include="소스 파일\06.Effect\Muzzle_Flash\Muzzle_SiegeUzi">
      <UniqueIdentifier>{92d80190-a936-4530-918f-ac4139c3dce0}</UniqueIdentifier>
    </Filter>
    <Filter Include="소스 파일\02.Object\Door">
      <UniqueIdentifier>{3405419f-b0bb-4c30-926f-3c7826d272f8}</UniqueIdentifier>
    </Filter>
    <Filter Include="소스 파일\08.FrontLayer">
      <UniqueIdentifier>{4a74cae2-2f7a-43f9-8b7b-991fd9b4a24a}</UniqueIdentifier>
    </Filter>
    <Filter Include="소스 파일\08.FrontLayer\Stage1FrontLayer">
      <UniqueIdentifier>{99f82010-b473-4da6-b76a-c038f136ff64}</UniqueIdentifier>
    </Filter>
  </ItemGroup>
  <ItemGroup>
    <ClInclude Include="framework.h">
      <Filter>헤더 파일</Filter>
    </ClInclude>
    <ClInclude Include="targetver.h">
      <Filter>헤더 파일</Filter>
    </ClInclude>
    <ClInclude Include="Resource.h">
      <Filter>헤더 파일</Filter>
    </ClInclude>
    <ClInclude Include="My_API.h">
      <Filter>헤더 파일</Filter>
    </ClInclude>
    <ClInclude Include="Define.h">
      <Filter>헤더 파일</Filter>
    </ClInclude>
    <ClInclude Include="CMainGame.h">
      <Filter>소스 파일\01.MainGame</Filter>
    </ClInclude>
    <ClInclude Include="pch.h">
      <Filter>헤더 파일</Filter>
    </ClInclude>
    <ClInclude Include="CObj.h">
      <Filter>소스 파일\02.Object</Filter>
    </ClInclude>
    <ClInclude Include="CPlayer.h">
      <Filter>소스 파일\02.Object\Player</Filter>
    </ClInclude>
    <ClInclude Include="CObjManager.h">
      <Filter>소스 파일\00.Manager\1. ObjManager</Filter>
    </ClInclude>
    <ClInclude Include="CAbstarctFactory.h">
      <Filter>소스 파일\00.Manager\0. AbstarctFactory</Filter>
    </ClInclude>
    <ClInclude Include="CBmpMgr.h">
      <Filter>소스 파일\00.Manager\2. BmpManager</Filter>
    </ClInclude>
    <ClInclude Include="CMyBmp.h">
      <Filter>소스 파일\00.Manager\2. BmpManager</Filter>
    </ClInclude>
    <ClInclude Include="CScene.h">
      <Filter>소스 파일\00.Manager\3. SceneManager\Scene</Filter>
    </ClInclude>
    <ClInclude Include="CSceneManager.h">
      <Filter>소스 파일\00.Manager\3. SceneManager</Filter>
    </ClInclude>
    <ClInclude Include="CMenu.h">
      <Filter>소스 파일\00.Manager\3. SceneManager\Scene\1.SC_Menu</Filter>
    </ClInclude>
    <ClInclude Include="CStage.h">
      <Filter>소스 파일\00.Manager\3. SceneManager\Scene\2.SC_Stage</Filter>
    </ClInclude>
    <ClInclude Include="TimeManager.h">
      <Filter>소스 파일\00.Manager\4. TimeManager</Filter>
    </ClInclude>
    <ClInclude Include="CKeyMgr.h">
      <Filter>소스 파일\00.Manager\06.KeyManager</Filter>
    </ClInclude>
    <ClInclude Include="CollisionManager.h">
      <Filter>소스 파일\00.Manager\5. CollisionManager</Filter>
    </ClInclude>
    <ClInclude Include="Debug.h">
      <Filter>헤더 파일</Filter>
    </ClInclude>
    <ClInclude Include="CCameraManger.h">
      <Filter>소스 파일\00.Manager\07.CameraManager</Filter>
    </ClInclude>
    <ClInclude Include="CScreenManager.h">
      <Filter>소스 파일\00.Manager\07.CameraManager</Filter>
    </ClInclude>
    <ClInclude Include="CGround1.h">
      <Filter>소스 파일\02.Object\Ground</Filter>
    </ClInclude>
    <ClInclude Include="CGun.h">
      <Filter>소스 파일\02.Object\Gun</Filter>
    </ClInclude>
    <ClInclude Include="CPistol.h">
      <Filter>소스 파일\02.Object\Gun\1. Pistol</Filter>
    </ClInclude>
    <ClInclude Include="CBullet.h">
      <Filter>소스 파일\02.Object\Bullet</Filter>
    </ClInclude>
    <ClInclude Include="CItem.h">
      <Filter>소스 파일\02.Object\Item</Filter>
    </ClInclude>
    <ClInclude Include="CPotion.h">
      <Filter>소스 파일\02.Object\Item\0.Potion</Filter>
    </ClInclude>
    <ClInclude Include="CBox.h">
      <Filter>소스 파일\02.Object\Box</Filter>
    </ClInclude>
    <ClInclude Include="CUzi.h">
      <Filter>소스 파일\02.Object\Gun\2. Uzi</Filter>
    </ClInclude>
    <ClInclude Include="Weapon_Item.h">
      <Filter>소스 파일\02.Object\Item\1.Weapon_Item</Filter>
    </ClInclude>
    <ClInclude Include="CAk_Bullet.h">
      <Filter>소스 파일\02.Object\Bullet\AK_Bullet</Filter>
    </ClInclude>
    <ClInclude Include="CAK_47.h">
      <Filter>소스 파일\02.Object\Gun\4. Ak-47</Filter>
    </ClInclude>
    <ClInclude Include="CShotgun.h">
      <Filter>소스 파일\02.Object\Gun\3. Shotgun</Filter>
    </ClInclude>
    <ClInclude Include="CShot_Bullet.h">
      <Filter>소스 파일\02.Object\Bullet\Shot_Bullet</Filter>
    </ClInclude>
    <ClInclude Include="CShot_BulletEffect.h">
      <Filter>소스 파일\03. Effect\ShtotgunBulletEffect</Filter>
    </ClInclude>
    <ClInclude Include="CSubWeapon.h">
      <Filter>소스 파일\02.Object\SubWeapon</Filter>
    </ClInclude>
    <ClInclude Include="CThrow_Knife.h">
      <Filter>소스 파일\02.Object\Bullet\Throw_Kinfe</Filter>
    </ClInclude>
    <ClInclude Include="CKnife.h">
      <Filter>소스 파일\02.Object\SubWeapon\0.Knife</Filter>
    </ClInclude>
    <ClInclude Include="CThrow_Grenade.h">
      <Filter>소스 파일\02.Object\Bullet\Throw_Grenade</Filter>
    </ClInclude>
    <ClInclude Include="CGrenade.h">
      <Filter>소스 파일\02.Object\SubWeapon\1.Grenade</Filter>
    </ClInclude>
    <ClInclude Include="CExplosion.h">
      <Filter>소스 파일\02.Object\Explosion</Filter>
    </ClInclude>
    <ClInclude Include="CBaseEnemy.h">
      <Filter>소스 파일\02.Object\Enemy</Filter>
    </ClInclude>
    <ClInclude Include="CMelee.h">
      <Filter>소스 파일\02.Object\Melee\playerMelee</Filter>
    </ClInclude>
    <ClInclude Include="CEnemyMelee.h">
      <Filter>소스 파일\02.Object\Melee\EnemyMelee</Filter>
    </ClInclude>
    <ClInclude Include="CUIManager.h">
      <Filter>소스 파일\00.Manager\08.UIManager</Filter>
    </ClInclude>
    <ClInclude Include="CUI.h">
      <Filter>소스 파일\04.UI</Filter>
    </ClInclude>
    <ClInclude Include="CMainUI.h">
      <Filter>소스 파일\04.UI\MainUI</Filter>
    </ClInclude>
    <ClInclude Include="CUI_PlayerHP.h">
      <Filter>소스 파일\04.UI\MainUI\PlayerHp</Filter>
    </ClInclude>
    <ClInclude Include="CUI_SubweaponCoolTime.h">
      <Filter>소스 파일\04.UI\MainUI\SubWeaponCoolDown</Filter>
    </ClInclude>
    <ClInclude Include="CUI_EnemyKill.h">
      <Filter>소스 파일\04.UI\MainUI\EnemyKill</Filter>
    </ClInclude>
    <ClInclude Include="CUI_MainSlot.h">
      <Filter>소스 파일\04.UI\MainUI\MainSlotUI</Filter>
    </ClInclude>
    <ClInclude Include="CUI_EnemyHp.h">
      <Filter>소스 파일\04.UI\Enemy_HpBar</Filter>
    </ClInclude>
    <ClInclude Include="CalculateUtil.h">
      <Filter>헤더 파일</Filter>
    </ClInclude>
    <ClInclude Include="CUI_HPBar.h">
      <Filter>소스 파일\04.UI\Hp_Bar</Filter>
    </ClInclude>
    <ClInclude Include="CSubWeapon_Item.h">
      <Filter>소스 파일\02.Object\Item\2.SubWeapon_Item</Filter>
    </ClInclude>
    <ClInclude Include="CUI_SubSlot.h">
      <Filter>소스 파일\04.UI\MainUI\SubSlotUI</Filter>
    </ClInclude>
    <ClInclude Include="CItemQuantity.h">
      <Filter>소스 파일\04.UI\ItemQuantity</Filter>
    </ClInclude>
    <ClInclude Include="CMeleeEnemy.h">
      <Filter>소스 파일\02.Object\Enemy\Melee_Enemy</Filter>
    </ClInclude>
    <ClInclude Include="CScrollBackGround.h">
      <Filter>소스 파일\05.BackGround</Filter>
    </ClInclude>
    <ClInclude Include="CEnemyPistol.h">
      <Filter>소스 파일\02.Object\EnemyWeapon\EnemyPistol</Filter>
    </ClInclude>
    <ClInclude Include="CEnemyUZI.h">
      <Filter>소스 파일\02.Object\EnemyWeapon\EnemyUZI</Filter>
    </ClInclude>
    <ClInclude Include="CShootingEnemy.h">
      <Filter>소스 파일\02.Object\Enemy\Shooting_Enemy\01.Pistol_Enemy</Filter>
    </ClInclude>
    <ClInclude Include="CUzi_Enemy.h">
      <Filter>소스 파일\02.Object\Enemy\Shooting_Enemy\02.Uzi_Enemy</Filter>
    </ClInclude>
    <ClInclude Include="CEnemy_AK47.h">
      <Filter>소스 파일\02.Object\EnemyWeapon\EnemyAK47</Filter>
    </ClInclude>
    <ClInclude Include="CAK47_Enemy.h">
      <Filter>소스 파일\02.Object\Enemy\Shooting_Enemy\04.Ak_Enemy</Filter>
    </ClInclude>
    <ClInclude Include="CShotgun_Enemy.h">
      <Filter>소스 파일\02.Object\Enemy\Shooting_Enemy\03.Shot_Enemy</Filter>
    </ClInclude>
    <ClInclude Include="CEnemy_Shotgun.h">
      <Filter>소스 파일\02.Object\EnemyWeapon\EnemyShotgun</Filter>
    </ClInclude>
    <ClInclude Include="CEnemySigeTruck.h">
      <Filter>소스 파일\02.Object\Enemy\Enemy_SiegeTruck</Filter>
    </ClInclude>
    <ClInclude Include="CBoxBreaker.h">
      <Filter>소스 파일\02.Object\Boss\BoxBreaker</Filter>
    </ClInclude>
    <ClInclude Include="CBossAngel_Knife.h">
      <Filter>소스 파일\02.Object\Boss\BossAngelWeapon</Filter>
    </ClInclude>
    <ClInclude Include="CBossAngel.h">
      <Filter>소스 파일\02.Object\Boss</Filter>
    </ClInclude>
    <ClInclude Include="fmod.h">
      <Filter>헤더 파일\Fmode</Filter>
    </ClInclude>
    <ClInclude Include="fmod.hpp">
      <Filter>헤더 파일\Fmode</Filter>
    </ClInclude>
    <ClInclude Include="fmod_codec.h">
      <Filter>헤더 파일\Fmode</Filter>
    </ClInclude>
    <ClInclude Include="fmod_common.h">
      <Filter>헤더 파일\Fmode</Filter>
    </ClInclude>
    <ClInclude Include="fmod_dsp.h">
      <Filter>헤더 파일\Fmode</Filter>
    </ClInclude>
    <ClInclude Include="fmod_dsp_effects.h">
      <Filter>헤더 파일\Fmode</Filter>
    </ClInclude>
    <ClInclude Include="fmod_errors.h">
      <Filter>헤더 파일\Fmode</Filter>
    </ClInclude>
    <ClInclude Include="fmod_output.h">
      <Filter>헤더 파일\Fmode</Filter>
    </ClInclude>
    <ClInclude Include="CSoundMgr.h">
      <Filter>소스 파일\00.Manager\09.SoundManager</Filter>
    </ClInclude>
    <ClInclude Include="CBossHP_Bar.h">
      <Filter>소스 파일\04.UI\Enemy_HpBar\BossHP</Filter>
    </ClInclude>
    <ClInclude Include="CEffectManager.h">
      <Filter>소스 파일\00.Manager\10.EffectManager</Filter>
    </ClInclude>
    <ClInclude Include="CEffect.h">
      <Filter>소스 파일\06.Effect</Filter>
    </ClInclude>
    <ClInclude Include="CMuzzle_Flash.h">
      <Filter>소스 파일\06.Effect\Muzzle_Flash</Filter>
    </ClInclude>
    <ClInclude Include="CDash_Effect.h">
      <Filter>소스 파일\06.Effect\DashEffect</Filter>
    </ClInclude>
    <ClInclude Include="CDash_dust.h">
      <Filter>소스 파일\06.Effect\DashEffect</Filter>
    </ClInclude>
    <ClInclude Include="CLandEffect.h">
      <Filter>소스 파일\06.Effect\LandEffect</Filter>
    </ClInclude>
    <ClInclude Include="CKnockbackDust.h">
      <Filter>소스 파일\06.Effect\KnockBack_Dust</Filter>
    </ClInclude>
    <ClInclude Include="CUI_StageScore.h">
      <Filter>소스 파일\04.UI\StageScore</Filter>
    </ClInclude>
    <ClInclude Include="CMuzzle_Uzi.h">
      <Filter>소스 파일\06.Effect\Muzzle_Flash\Muzzle_Uzi</Filter>
    </ClInclude>
    <ClInclude Include="CSiegeTruck_HpBar.h">
      <Filter>소스 파일\04.UI\Enemy_HpBar\SiegeTruckHpBar</Filter>
    </ClInclude>
    <ClInclude Include="CPlayerBloodEffect.h">
      <Filter>소스 파일\06.Effect\PlayerBlood</Filter>
    </ClInclude>
    <ClInclude Include="CAnimation.h">
      <Filter>소스 파일\07.Animation</Filter>
    </ClInclude>
    <ClInclude Include="CIntroB.h">
      <Filter>소스 파일\07.Animation\IntroBAnim</Filter>
    </ClInclude>
    <ClInclude Include="CFlagManager.h">
      <Filter>소스 파일\00.Manager\11.FlagManager</Filter>
    </ClInclude>
    <ClInclude Include="CMuzzle_Shotgun.h">
      <Filter>소스 파일\06.Effect\Muzzle_Flash\Muzzle_Shotgun</Filter>
    </ClInclude>
    <ClInclude Include="CCollection.h">
      <Filter>소스 파일\02.Object\Item\Collection</Filter>
    </ClInclude>
    <ClInclude Include="CMuzzle_Machine.h">
      <Filter>소스 파일\06.Effect\Muzzle_Flash\Muzzle_Machine</Filter>
    </ClInclude>
    <ClInclude Include="CMuzzle_Siege.h">
      <Filter>소스 파일\06.Effect\Muzzle_Flash\Muzzle_SiegeUzi</Filter>
    </ClInclude>
    <ClInclude Include="CDoor.h">
      <Filter>소스 파일\02.Object\Door</Filter>
    </ClInclude>
    <ClInclude Include="CFrontLayer.h">
      <Filter>소스 파일\08.FrontLayer\Stage1FrontLayer</Filter>
    </ClInclude>
    <ClInclude Include="CFrontLayer1_2.h">
      <Filter>헤더 파일</Filter>
    </ClInclude>
  </ItemGroup>
  <ItemGroup>
    <ClCompile Include="CMainGame.cpp">
      <Filter>소스 파일\01.MainGame</Filter>
    </ClCompile>
    <ClCompile Include="CObj.cpp">
      <Filter>소스 파일\02.Object</Filter>
    </ClCompile>
    <ClCompile Include="CPlayer.cpp">
      <Filter>소스 파일\02.Object\Player</Filter>
    </ClCompile>
    <ClCompile Include="CObjManager.cpp">
      <Filter>소스 파일\00.Manager\1. ObjManager</Filter>
    </ClCompile>
    <ClCompile Include="CBmpMgr.cpp">
      <Filter>소스 파일\00.Manager\2. BmpManager</Filter>
    </ClCompile>
    <ClCompile Include="CMyBmp.cpp">
      <Filter>소스 파일\00.Manager\2. BmpManager</Filter>
    </ClCompile>
    <ClCompile Include="CScene.cpp">
      <Filter>소스 파일\00.Manager\3. SceneManager\Scene</Filter>
    </ClCompile>
    <ClCompile Include="CSceneManager.cpp">
      <Filter>소스 파일\00.Manager\3. SceneManager</Filter>
    </ClCompile>
    <ClCompile Include="CMenu.cpp">
      <Filter>소스 파일\00.Manager\3. SceneManager\Scene\1.SC_Menu</Filter>
    </ClCompile>
    <ClCompile Include="CStage.cpp">
      <Filter>소스 파일\00.Manager\3. SceneManager\Scene\2.SC_Stage</Filter>
    </ClCompile>
    <ClCompile Include="My_API.cpp">
      <Filter>헤더 파일</Filter>
    </ClCompile>
    <ClCompile Include="CKeyMgr.cpp">
      <Filter>소스 파일\00.Manager\06.KeyManager</Filter>
    </ClCompile>
    <ClCompile Include="CCameraManger.cpp">
      <Filter>소스 파일\00.Manager\07.CameraManager</Filter>
    </ClCompile>
    <ClCompile Include="CGround1.cpp">
      <Filter>소스 파일\02.Object\Ground</Filter>
    </ClCompile>
    <ClCompile Include="CGun.cpp">
      <Filter>소스 파일\02.Object\Gun</Filter>
    </ClCompile>
    <ClCompile Include="CPistol.cpp">
      <Filter>소스 파일\02.Object\Gun\1. Pistol</Filter>
    </ClCompile>
    <ClCompile Include="CBullet.cpp">
      <Filter>소스 파일\02.Object\Bullet</Filter>
    </ClCompile>
    <ClCompile Include="CItem.cpp">
      <Filter>소스 파일\02.Object\Item</Filter>
    </ClCompile>
    <ClCompile Include="CPotion.cpp">
      <Filter>소스 파일\02.Object\Item\0.Potion</Filter>
    </ClCompile>
    <ClCompile Include="CBox.cpp">
      <Filter>소스 파일\02.Object\Box</Filter>
    </ClCompile>
    <ClCompile Include="CUzi.cpp">
      <Filter>소스 파일\02.Object\Gun\2. Uzi</Filter>
    </ClCompile>
    <ClCompile Include="Weapon_Item.cpp">
      <Filter>소스 파일\02.Object\Item\1.Weapon_Item</Filter>
    </ClCompile>
    <ClCompile Include="CAk_Bullet.cpp">
      <Filter>소스 파일\02.Object\Bullet\AK_Bullet</Filter>
    </ClCompile>
    <ClCompile Include="CAK_47.cpp">
      <Filter>소스 파일\02.Object\Gun\4. Ak-47</Filter>
    </ClCompile>
    <ClCompile Include="CShotgun.cpp">
      <Filter>소스 파일\02.Object\Gun\3. Shotgun</Filter>
    </ClCompile>
    <ClCompile Include="CShot_Bullet.cpp">
      <Filter>소스 파일\02.Object\Bullet\Shot_Bullet</Filter>
    </ClCompile>
    <ClCompile Include="CShot_BulletEffect.cpp">
      <Filter>소스 파일\03. Effect\ShtotgunBulletEffect</Filter>
    </ClCompile>
    <ClCompile Include="CSubWeapon.cpp">
      <Filter>소스 파일\02.Object\SubWeapon</Filter>
    </ClCompile>
    <ClCompile Include="CThrow_Knife.cpp">
      <Filter>소스 파일\02.Object\Bullet\Throw_Kinfe</Filter>
    </ClCompile>
    <ClCompile Include="CKnife.cpp">
      <Filter>소스 파일\02.Object\SubWeapon\0.Knife</Filter>
    </ClCompile>
    <ClCompile Include="CThrow_Grenade.cpp">
      <Filter>소스 파일\02.Object\Bullet\Throw_Grenade</Filter>
    </ClCompile>
    <ClCompile Include="CGrenade.cpp">
      <Filter>소스 파일\02.Object\SubWeapon\1.Grenade</Filter>
    </ClCompile>
    <ClCompile Include="CExplosion.cpp">
      <Filter>소스 파일\02.Object\Explosion</Filter>
    </ClCompile>
    <ClCompile Include="CBaseEnemy.cpp">
      <Filter>소스 파일\02.Object\Enemy</Filter>
    </ClCompile>
    <ClCompile Include="CMelee.cpp">
      <Filter>소스 파일\02.Object\Melee\playerMelee</Filter>
    </ClCompile>
    <ClCompile Include="CEnemyMelee.cpp">
      <Filter>소스 파일\02.Object\Melee\EnemyMelee</Filter>
    </ClCompile>
    <ClCompile Include="CUIManager.cpp">
      <Filter>소스 파일\00.Manager\08.UIManager</Filter>
    </ClCompile>
    <ClCompile Include="CUI.cpp">
      <Filter>소스 파일\04.UI</Filter>
    </ClCompile>
    <ClCompile Include="CMainUI.cpp">
      <Filter>소스 파일\04.UI\MainUI</Filter>
    </ClCompile>
    <ClCompile Include="CUI_PlayerHP.cpp">
      <Filter>소스 파일\04.UI\MainUI\PlayerHp</Filter>
    </ClCompile>
    <ClCompile Include="CUI_SubweaponCoolTime.cpp">
      <Filter>소스 파일\04.UI\MainUI\SubWeaponCoolDown</Filter>
    </ClCompile>
    <ClCompile Include="CUI_EnemyKill.cpp">
      <Filter>소스 파일\04.UI\MainUI\EnemyKill</Filter>
    </ClCompile>
    <ClCompile Include="CUI_MainSlot.cpp">
      <Filter>소스 파일\04.UI\MainUI\MainSlotUI</Filter>
    </ClCompile>
    <ClCompile Include="CUI_EnemyHp.cpp">
      <Filter>소스 파일\04.UI\Enemy_HpBar</Filter>
    </ClCompile>
    <ClCompile Include="CUI_HPBar.cpp">
      <Filter>소스 파일\04.UI\Hp_Bar</Filter>
    </ClCompile>
    <ClCompile Include="CSubWeapon_Item.cpp">
      <Filter>소스 파일\02.Object\Item\2.SubWeapon_Item</Filter>
    </ClCompile>
    <ClCompile Include="CUI_SubSlot.cpp">
      <Filter>소스 파일\04.UI\MainUI\SubSlotUI</Filter>
    </ClCompile>
    <ClCompile Include="CItemQuantity.cpp">
      <Filter>소스 파일\04.UI\ItemQuantity</Filter>
    </ClCompile>
    <ClCompile Include="CMeleeEnemy.CPP">
      <Filter>소스 파일\02.Object\Enemy\Melee_Enemy</Filter>
    </ClCompile>
    <ClCompile Include="CScrollBackGround.cpp">
      <Filter>소스 파일\05.BackGround</Filter>
    </ClCompile>
    <ClCompile Include="CEnemyPistol.cpp">
      <Filter>소스 파일\02.Object\EnemyWeapon\EnemyPistol</Filter>
    </ClCompile>
    <ClCompile Include="CEnemyUZI.cpp">
      <Filter>소스 파일\02.Object\EnemyWeapon\EnemyUZI</Filter>
    </ClCompile>
    <ClCompile Include="CShootingEnemy.cpp">
      <Filter>소스 파일\02.Object\Enemy\Shooting_Enemy\01.Pistol_Enemy</Filter>
    </ClCompile>
    <ClCompile Include="CUzi_Enemy.cpp">
      <Filter>소스 파일\02.Object\Enemy\Shooting_Enemy\02.Uzi_Enemy</Filter>
    </ClCompile>
    <ClCompile Include="CEnemy_AK47.cpp">
      <Filter>소스 파일\02.Object\EnemyWeapon\EnemyAK47</Filter>
    </ClCompile>
    <ClCompile Include="CAK47_Enemy.cpp">
      <Filter>소스 파일\02.Object\Enemy\Shooting_Enemy\04.Ak_Enemy</Filter>
    </ClCompile>
    <ClCompile Include="CShotgun_Enemy.cpp">
      <Filter>소스 파일\02.Object\Enemy\Shooting_Enemy\03.Shot_Enemy</Filter>
    </ClCompile>
    <ClCompile Include="CEnemy_Shotgun.cpp">
      <Filter>소스 파일\02.Object\EnemyWeapon\EnemyShotgun</Filter>
    </ClCompile>
    <ClCompile Include="CEnemySigeTruck.cpp">
      <Filter>소스 파일\02.Object\Enemy\Enemy_SiegeTruck</Filter>
    </ClCompile>
    <ClCompile Include="CBoxBreaker.cpp">
      <Filter>소스 파일\02.Object\Boss\BoxBreaker</Filter>
    </ClCompile>
    <ClCompile Include="CBossAngel_Knife.cpp">
      <Filter>소스 파일\02.Object\Boss\BossAngelWeapon</Filter>
    </ClCompile>
    <ClCompile Include="CBossAngel.cpp">
      <Filter>소스 파일\02.Object\Boss</Filter>
    </ClCompile>
    <ClCompile Include="CSoundMgr.cpp">
      <Filter>소스 파일\00.Manager\09.SoundManager</Filter>
    </ClCompile>
    <ClCompile Include="CBossHP_Bar.cpp">
      <Filter>소스 파일\04.UI\Enemy_HpBar\BossHP</Filter>
    </ClCompile>
    <ClCompile Include="CEffectManager.cpp">
      <Filter>소스 파일\00.Manager\10.EffectManager</Filter>
    </ClCompile>
    <ClCompile Include="CEffect.cpp">
      <Filter>소스 파일\06.Effect</Filter>
    </ClCompile>
    <ClCompile Include="CMuzzle_Flash.cpp">
      <Filter>소스 파일\06.Effect\Muzzle_Flash</Filter>
    </ClCompile>
    <ClCompile Include="CDash_Effect.cpp">
      <Filter>소스 파일\06.Effect\DashEffect</Filter>
    </ClCompile>
    <ClCompile Include="CDash_dust.cpp">
      <Filter>소스 파일\06.Effect\DashEffect</Filter>
    </ClCompile>
    <ClCompile Include="CLandEffect.cpp">
      <Filter>소스 파일\06.Effect\LandEffect</Filter>
    </ClCompile>
    <ClCompile Include="CKnockbackDust.cpp">
      <Filter>소스 파일\06.Effect\KnockBack_Dust</Filter>
    </ClCompile>
    <ClCompile Include="CUI_StageScore.cpp">
      <Filter>소스 파일\04.UI\StageScore</Filter>
    </ClCompile>
    <ClCompile Include="CMuzzle_Uzi.cpp">
      <Filter>소스 파일\06.Effect\Muzzle_Flash\Muzzle_Uzi</Filter>
    </ClCompile>
    <ClCompile Include="CSiegeTruck_HpBar.cpp">
      <Filter>소스 파일\04.UI\Enemy_HpBar\SiegeTruckHpBar</Filter>
    </ClCompile>
    <ClCompile Include="CPlayerBloodEffect.cpp">
      <Filter>소스 파일\06.Effect\PlayerBlood</Filter>
    </ClCompile>
    <ClCompile Include="CAnimation.cpp">
      <Filter>소스 파일\07.Animation</Filter>
    </ClCompile>
    <ClCompile Include="CIntroB.cpp">
      <Filter>소스 파일\07.Animation\IntroBAnim</Filter>
    </ClCompile>
    <ClCompile Include="CFlagManager.cpp">
      <Filter>소스 파일\00.Manager\11.FlagManager</Filter>
    </ClCompile>
    <ClCompile Include="CMuzzle_Shotgun.cpp">
      <Filter>소스 파일\06.Effect\Muzzle_Flash\Muzzle_Shotgun</Filter>
    </ClCompile>
    <ClCompile Include="CCollection.cpp">
      <Filter>소스 파일\02.Object\Item\Collection</Filter>
    </ClCompile>
    <ClCompile Include="CMuzzle_Machine.cpp">
      <Filter>소스 파일\06.Effect\Muzzle_Flash\Muzzle_Machine</Filter>
    </ClCompile>
    <ClCompile Include="CMuzzle_Siege.cpp">
      <Filter>소스 파일\06.Effect\Muzzle_Flash\Muzzle_SiegeUzi</Filter>
    </ClCompile>
    <ClCompile Include="CDoor.cpp">
      <Filter>소스 파일\02.Object\Door</Filter>
    </ClCompile>
    <ClCompile Include="CFrontLayer.cpp">
      <Filter>소스 파일\08.FrontLayer\Stage1FrontLayer</Filter>
    </ClCompile>
    <ClCompile Include="CFrontLayer1_2.cpp">
      <Filter>소스 파일</Filter>
    </ClCompile>
  </ItemGroup>
  <ItemGroup>
    <ResourceCompile Include="My_API.rc">
      <Filter>리소스 파일</Filter>
    </ResourceCompile>
  </ItemGroup>
  <ItemGroup>
    <Image Include="small.ico">
      <Filter>리소스 파일</Filter>
    </Image>
    <Image Include="My_API.ico">
      <Filter>리소스 파일</Filter>
    </Image>
  </ItemGroup>
  <ItemGroup>
    <None Include="fmod.dll">
      <Filter>헤더 파일\Fmode</Filter>
    </None>
    <None Include="fmodL.dll">
      <Filter>헤더 파일\Fmode</Filter>
    </None>
  </ItemGroup>
  <ItemGroup>
    <Library Include="fmod_vc.lib">
      <Filter>헤더 파일\Fmode</Filter>
    </Library>
    <Library Include="fmodL_vc.lib">
      <Filter>헤더 파일\Fmode</Filter>
    </Library>
  </ItemGroup>
</Project>